{
  "version": "5",
  "specifiers": {
    "npm:@aws-sdk/client-s3@3.864.0": "3.864.0",
    "npm:aws4fetch@1.0.20": "1.0.20",
    "npm:hyparquet-writer@0.16.6": "0.16.6"
  },
  "npm": {
    "@aws-crypto/crc32@5.2.0": {
      "integrity": "sha512-nLbCWqQNgUiwwtFsen1AdzAtvuLRsQS8rYgMuxCrdKf9kOssamGLuPwyTY9wyYblNr9+1XM8v6zoDTPPSIeANg==",
      "dependencies": [
        "@aws-crypto/util",
        "@aws-sdk/types",
        "tslib"
      ]
    },
    "@aws-crypto/crc32c@5.2.0": {
      "integrity": "sha512-+iWb8qaHLYKrNvGRbiYRHSdKRWhto5XlZUEBwDjYNf+ly5SVYG6zEoYIdxvf5R3zyeP16w4PLBn3rH1xc74Rag==",
      "dependencies": [
        "@aws-crypto/util",
        "@aws-sdk/types",
        "tslib"
      ]
    },
    "@aws-crypto/sha1-browser@5.2.0": {
      "integrity": "sha512-OH6lveCFfcDjX4dbAvCFSYUjJZjDr/3XJ3xHtjn3Oj5b9RjojQo8npoLeA/bNwkOkrSQ0wgrHzXk4tDRxGKJeg==",
      "dependencies": [
        "@aws-crypto/supports-web-crypto",
        "@aws-crypto/util",
        "@aws-sdk/types",
        "@aws-sdk/util-locate-window",
        "@smithy/util-utf8@2.3.0",
        "tslib"
      ]
    },
    "@aws-crypto/sha256-browser@5.2.0": {
      "integrity": "sha512-AXfN/lGotSQwu6HNcEsIASo7kWXZ5HYWvfOmSNKDsEqC4OashTp8alTmaz+F7TC2L083SFv5RdB+qU3Vs1kZqw==",
      "dependencies": [
        "@aws-crypto/sha256-js",
        "@aws-crypto/supports-web-crypto",
        "@aws-crypto/util",
        "@aws-sdk/types",
        "@aws-sdk/util-locate-window",
        "@smithy/util-utf8@2.3.0",
        "tslib"
      ]
    },
    "@aws-crypto/sha256-js@5.2.0": {
      "integrity": "sha512-FFQQyu7edu4ufvIZ+OadFpHHOt+eSTBaYaki44c+akjg7qZg9oOQeLlk77F6tSYqjDAFClrHJk9tMf0HdVyOvA==",
      "dependencies": [
        "@aws-crypto/util",
        "@aws-sdk/types",
        "tslib"
      ]
    },
    "@aws-crypto/supports-web-crypto@5.2.0": {
      "integrity": "sha512-iAvUotm021kM33eCdNfwIN//F77/IADDSs58i+MDaOqFrVjZo9bAal0NK7HurRuWLLpF1iLX7gbWrjHjeo+YFg==",
      "dependencies": [
        "tslib"
      ]
    },
    "@aws-crypto/util@5.2.0": {
      "integrity": "sha512-4RkU9EsI6ZpBve5fseQlGNUWKMa1RLPQ1dnjnQoe07ldfIzcsGb5hC5W0Dm7u423KWzawlrpbjXBrXCEv9zazQ==",
      "dependencies": [
        "@aws-sdk/types",
        "@smithy/util-utf8@2.3.0",
        "tslib"
      ]
    },
    "@aws-sdk/client-s3@3.864.0": {
      "integrity": "sha512-QGYi9bWliewxumsvbJLLyx9WC0a4DP4F+utygBcq0zwPxaM0xDfBspQvP1dsepi7mW5aAjZmJ2+Xb7X0EhzJ/g==",
      "dependencies": [
        "@aws-crypto/sha1-browser",
        "@aws-crypto/sha256-browser",
        "@aws-crypto/sha256-js",
        "@aws-sdk/core",
        "@aws-sdk/credential-provider-node",
        "@aws-sdk/middleware-bucket-endpoint",
        "@aws-sdk/middleware-expect-continue",
        "@aws-sdk/middleware-flexible-checksums",
        "@aws-sdk/middleware-host-header",
        "@aws-sdk/middleware-location-constraint",
        "@aws-sdk/middleware-logger",
        "@aws-sdk/middleware-recursion-detection",
        "@aws-sdk/middleware-sdk-s3",
        "@aws-sdk/middleware-ssec",
        "@aws-sdk/middleware-user-agent",
        "@aws-sdk/region-config-resolver",
        "@aws-sdk/signature-v4-multi-region",
        "@aws-sdk/types",
        "@aws-sdk/util-endpoints",
        "@aws-sdk/util-user-agent-browser",
        "@aws-sdk/util-user-agent-node",
        "@aws-sdk/xml-builder",
        "@smithy/config-resolver",
        "@smithy/core",
        "@smithy/eventstream-serde-browser",
        "@smithy/eventstream-serde-config-resolver",
        "@smithy/eventstream-serde-node",
        "@smithy/fetch-http-handler",
        "@smithy/hash-blob-browser",
        "@smithy/hash-node",
        "@smithy/hash-stream-node",
        "@smithy/invalid-dependency",
        "@smithy/md5-js",
        "@smithy/middleware-content-length",
        "@smithy/middleware-endpoint",
        "@smithy/middleware-retry",
        "@smithy/middleware-serde",
        "@smithy/middleware-stack",
        "@smithy/node-config-provider",
        "@smithy/node-http-handler",
        "@smithy/protocol-http",
        "@smithy/smithy-client",
        "@smithy/types",
        "@smithy/url-parser",
        "@smithy/util-base64",
        "@smithy/util-body-length-browser",
        "@smithy/util-body-length-node",
        "@smithy/util-defaults-mode-browser",
        "@smithy/util-defaults-mode-node",
        "@smithy/util-endpoints",
        "@smithy/util-middleware",
        "@smithy/util-retry",
        "@smithy/util-stream",
        "@smithy/util-utf8@4.5.2",
        "@smithy/util-waiter",
        "@types/uuid",
        "tslib",
        "uuid"
      ]
    },
    "@aws-sdk/client-sso@3.864.0": {
      "integrity": "sha512-THiOp0OpQROEKZ6IdDCDNNh3qnNn/kFFaTSOiugDpgcE5QdsOxh1/RXq7LmHpTJum3cmnFf8jG59PHcz9Tjnlw==",
      "dependencies": [
        "@aws-crypto/sha256-browser",
        "@aws-crypto/sha256-js",
        "@aws-sdk/core",
        "@aws-sdk/middleware-host-header",
        "@aws-sdk/middleware-logger",
        "@aws-sdk/middleware-recursion-detection",
        "@aws-sdk/middleware-user-agent",
        "@aws-sdk/region-config-resolver",
        "@aws-sdk/types",
        "@aws-sdk/util-endpoints",
        "@aws-sdk/util-user-agent-browser",
        "@aws-sdk/util-user-agent-node",
        "@smithy/config-resolver",
        "@smithy/core",
        "@smithy/fetch-http-handler",
        "@smithy/hash-node",
        "@smithy/invalid-dependency",
        "@smithy/middleware-content-length",
        "@smithy/middleware-endpoint",
        "@smithy/middleware-retry",
        "@smithy/middleware-serde",
        "@smithy/middleware-stack",
        "@smithy/node-config-provider",
        "@smithy/node-http-handler",
        "@smithy/protocol-http",
        "@smithy/smithy-client",
        "@smithy/types",
        "@smithy/url-parser",
        "@smithy/util-base64",
        "@smithy/util-body-length-browser",
        "@smithy/util-body-length-node",
        "@smithy/util-defaults-mode-browser",
        "@smithy/util-defaults-mode-node",
        "@smithy/util-endpoints",
        "@smithy/util-middleware",
        "@smithy/util-retry",
        "@smithy/util-utf8@4.5.2",
        "tslib"
      ]
    },
    "@aws-sdk/core@3.864.0": {
      "integrity": "sha512-LFUREbobleHEln+Zf7IG83lAZwvHZG0stI7UU0CtwyuhQy5Yx0rKksHNOCmlM7MpTEbSCfntEhYi3jUaY5e5lg==",
      "dependencies": [
        "@aws-sdk/types",
        "@aws-sdk/xml-builder",
        "@smithy/core",
        "@smithy/node-config-provider",
        "@smithy/property-provider",
        "@smithy/protocol-http",
        "@smithy/signature-v4",
        "@smithy/smithy-client",
        "@smithy/types",
        "@smithy/util-base64",
        "@smithy/util-body-length-browser",
        "@smithy/util-middleware",
        "@smithy/util-utf8@4.5.2",
        "fast-xml-parser",
        "tslib"
      ]
    },
    "@aws-sdk/credential-provider-env@3.864.0": {
      "integrity": "sha512-StJPOI2Rt8UE6lYjXUpg6tqSZaM72xg46ljPg8kIevtBAAfdtq9K20qT/kSliWGIBocMFAv0g2mC0hAa+ECyvg==",
      "dependencies": [
        "@aws-sdk/core",
        "@aws-sdk/types",
        "@smithy/property-provider",
        "@smithy/types",
        "tslib"
      ]
    },
    "@aws-sdk/credential-provider-http@3.864.0": {
      "integrity": "sha512-E/RFVxGTuGnuD+9pFPH2j4l6HvrXzPhmpL8H8nOoJUosjx7d4v93GJMbbl1v/fkDLqW9qN4Jx2cI6PAjohA6OA==",
      "dependencies": [
        "@aws-sdk/core",
        "@aws-sdk/types",
        "@smithy/fetch-http-handler",
        "@smithy/node-http-handler",
        "@smithy/property-provider",
        "@smithy/protocol-http",
        "@smithy/smithy-client",
        "@smithy/types",
        "@smithy/util-stream",
        "tslib"
      ]
    },
    "@aws-sdk/credential-provider-ini@3.864.0": {
      "integrity": "sha512-PlxrijguR1gxyPd5EYam6OfWLarj2MJGf07DvCx9MAuQkw77HBnsu6+XbV8fQriFuoJVTBLn9ROhMr/ROAYfUg==",
      "dependencies": [
        "@aws-sdk/core",
        "@aws-sdk/credential-provider-env",
        "@aws-sdk/credential-provider-http",
        "@aws-sdk/credential-provider-process",
        "@aws-sdk/credential-provider-sso",
        "@aws-sdk/credential-provider-web-identity",
        "@aws-sdk/nested-clients",
        "@aws-sdk/types",
        "@smithy/credential-provider-imds",
        "@smithy/property-provider",
        "@smithy/shared-ini-file-loader",
        "@smithy/types",
        "tslib"
      ]
    },
    "@aws-sdk/credential-provider-node@3.864.0": {
      "integrity": "sha512-2BEymFeXURS+4jE9tP3vahPwbYRl0/1MVaFZcijj6pq+nf5EPGvkFillbdBRdc98ZI2NedZgSKu3gfZXgYdUhQ==",
      "dependencies": [
        "@aws-sdk/credential-provider-env",
        "@aws-sdk/credential-provider-http",
        "@aws-sdk/credential-provider-ini",
        "@aws-sdk/credential-provider-process",
        "@aws-sdk/credential-provider-sso",
        "@aws-sdk/credential-provider-web-identity",
        "@aws-sdk/types",
        "@smithy/credential-provider-imds",
        "@smithy/property-provider",
        "@smithy/shared-ini-file-loader",
        "@smithy/types",
        "tslib"
      ]
    },
    "@aws-sdk/credential-provider-process@3.864.0": {
      "integrity": "sha512-Zxnn1hxhq7EOqXhVYgkF4rI9MnaO3+6bSg/tErnBQ3F8kDpA7CFU24G1YxwaJXp2X4aX3LwthefmSJHwcVP/2g==",
      "dependencies": [
        "@aws-sdk/core",
        "@aws-sdk/types",
        "@smithy/property-provider",
        "@smithy/shared-ini-file-loader",
        "@smithy/types",
        "tslib"
      ]
    },
    "@aws-sdk/credential-provider-sso@3.864.0": {
      "integrity": "sha512-UPyPNQbxDwHVGmgWdGg9/9yvzuedRQVF5jtMkmP565YX9pKZ8wYAcXhcYdNPWFvH0GYdB0crKOmvib+bmCuwkw==",
      "dependencies": [
        "@aws-sdk/client-sso",
        "@aws-sdk/core",
        "@aws-sdk/token-providers",
        "@aws-sdk/types",
        "@smithy/property-provider",
        "@smithy/shared-ini-file-loader",
        "@smithy/types",
        "tslib"
      ]
    },
    "@aws-sdk/credential-provider-web-identity@3.864.0": {
      "integrity": "sha512-nNcjPN4SYg8drLwqK0vgVeSvxeGQiD0FxOaT38mV2H8cu0C5NzpvA+14Xy+W6vT84dxgmJYKk71Cr5QL2Oz+rA==",
      "dependencies": [
        "@aws-sdk/core",
        "@aws-sdk/nested-clients",
        "@aws-sdk/types",
        "@smithy/property-provider",
        "@smithy/types",
        "tslib"
      ]
    },
    "@aws-sdk/middleware-bucket-endpoint@3.862.0": {
      "integrity": "sha512-Wcsc7VPLjImQw+CP1/YkwyofMs9Ab6dVq96iS8p0zv0C6YTaMjvillkau4zFfrrrTshdzFWKptIFhKK8Zsei1g==",
      "dependencies": [
        "@aws-sdk/types",
        "@aws-sdk/util-arn-parser",
        "@smithy/node-config-provider",
        "@smithy/protocol-http",
        "@smithy/types",
        "@smithy/util-config-provider",
        "tslib"
      ]
    },
    "@aws-sdk/middleware-expect-continue@3.862.0": {
      "integrity": "sha512-oG3AaVUJ+26p0ESU4INFn6MmqqiBFZGrebST66Or+YBhteed2rbbFl7mCfjtPWUFgquQlvT1UP19P3LjQKeKpw==",
      "dependencies": [
        "@aws-sdk/types",
        "@smithy/protocol-http",
        "@smithy/types",
        "tslib"
      ]
    },
    "@aws-sdk/middleware-flexible-checksums@3.864.0": {
      "integrity": "sha512-MvakvzPZi9uyP3YADuIqtk/FAcPFkyYFWVVMf5iFs/rCdk0CUzn02Qf4CSuyhbkS6Y0KrAsMgKR4MgklPU79Wg==",
      "dependencies": [
        "@aws-crypto/crc32",
        "@aws-crypto/crc32c",
        "@aws-crypto/util",
        "@aws-sdk/core",
        "@aws-sdk/types",
        "@smithy/is-array-buffer@4.5.2",
        "@smithy/node-config-provider",
        "@smithy/protocol-http",
        "@smithy/types",
        "@smithy/util-middleware",
        "@smithy/util-stream",
        "@smithy/util-utf8@4.5.2",
        "tslib"
      ]
    },
    "@aws-sdk/middleware-host-header@3.862.0": {
      "integrity": "sha512-jDje8dCFeFHfuCAxMDXBs8hy8q9NCTlyK4ThyyfAj3U4Pixly2mmzY2u7b7AyGhWsjJNx8uhTjlYq5zkQPQCYw==",
      "dependencies": [
        "@aws-sdk/types",
        "@smithy/protocol-http",
        "@smithy/types",
        "tslib"
      ]
    },
    "@aws-sdk/middleware-location-constraint@3.862.0": {
      "integrity": "sha512-MnwLxCw7Cc9OngEH3SHFhrLlDI9WVxaBkp3oTsdY9JE7v8OE38wQ9vtjaRsynjwu0WRtrctSHbpd7h/QVvtjyA==",
      "dependencies": [
        "@aws-sdk/types",
        "@smithy/types",
        "tslib"
      ]
    },
    "@aws-sdk/middleware-logger@3.862.0": {
      "integrity": "sha512-N/bXSJznNBR/i7Ofmf9+gM6dx/SPBK09ZWLKsW5iQjqKxAKn/2DozlnE54uiEs1saHZWoNDRg69Ww4XYYSlG1Q==",
      "dependencies": [
        "@aws-sdk/types",
        "@smithy/types",
        "tslib"
      ]
    },
    "@aws-sdk/middleware-recursion-detection@3.862.0": {
      "integrity": "sha512-KVoo3IOzEkTq97YKM4uxZcYFSNnMkhW/qj22csofLegZi5fk90ztUnnaeKfaEJHfHp/tm1Y3uSoOXH45s++kKQ==",
      "dependencies": [
        "@aws-sdk/types",
        "@smithy/protocol-http",
        "@smithy/types",
        "tslib"
      ]
    },
    "@aws-sdk/middleware-sdk-s3@3.864.0": {
      "integrity": "sha512-GjYPZ6Xnqo17NnC8NIQyvvdzzO7dm+Ks7gpxD/HsbXPmV2aEfuFveJXneGW9e1BheSKFff6FPDWu8Gaj2Iu1yg==",
      "dependencies": [
        "@aws-sdk/core",
        "@aws-sdk/types",
        "@aws-sdk/util-arn-parser",
        "@smithy/core",
        "@smithy/node-config-provider",
        "@smithy/protocol-http",
        "@smithy/signature-v4",
        "@smithy/smithy-client",
        "@smithy/types",
        "@smithy/util-config-provider",
        "@smithy/util-middleware",
        "@smithy/util-stream",
        "@smithy/util-utf8@4.5.2",
        "tslib"
      ]
    },
    "@aws-sdk/middleware-ssec@3.862.0": {
      "integrity": "sha512-72VtP7DZC8lYTE2L3Efx2BrD98oe9WTK8X6hmd3WTLkbIjvgWQWIdjgaFXBs8WevsXkewIctfyA3KEezvL5ggw==",
      "dependencies": [
        "@aws-sdk/types",
        "@smithy/types",
        "tslib"
      ]
    },
    "@aws-sdk/middleware-user-agent@3.864.0": {
      "integrity": "sha512-wrddonw4EyLNSNBrApzEhpSrDwJiNfjxDm5E+bn8n32BbAojXASH8W8jNpxz/jMgNkkJNxCfyqybGKzBX0OhbQ==",
      "dependencies": [
        "@aws-sdk/core",
        "@aws-sdk/types",
        "@aws-sdk/util-endpoints",
        "@smithy/core",
        "@smithy/protocol-http",
        "@smithy/types",
        "tslib"
      ]
    },
    "@aws-sdk/nested-clients@3.864.0": {
      "integrity": "sha512-H1C+NjSmz2y8Tbgh7Yy89J20yD/hVyk15hNoZDbCYkXg0M358KS7KVIEYs8E2aPOCr1sK3HBE819D/yvdMgokA==",
      "dependencies": [
        "@aws-crypto/sha256-browser",
        "@aws-crypto/sha256-js",
        "@aws-sdk/core",
        "@aws-sdk/middleware-host-header",
        "@aws-sdk/middleware-logger",
        "@aws-sdk/middleware-recursion-detection",
        "@aws-sdk/middleware-user-agent",
        "@aws-sdk/region-config-resolver",
        "@aws-sdk/types",
        "@aws-sdk/util-endpoints",
        "@aws-sdk/util-user-agent-browser",
        "@aws-sdk/util-user-agent-node",
        "@smithy/config-resolver",
        "@smithy/core",
        "@smithy/fetch-http-handler",
        "@smithy/hash-node",
        "@smithy/invalid-dependency",
        "@smithy/middleware-content-length",
        "@smithy/middleware-endpoint",
        "@smithy/middleware-retry",
        "@smithy/middleware-serde",
        "@smithy/middleware-stack",
        "@smithy/node-config-provider",
        "@smithy/node-http-handler",
        "@smithy/protocol-http",
        "@smithy/smithy-client",
        "@smithy/types",
        "@smithy/url-parser",
        "@smithy/util-base64",
        "@smithy/util-body-length-browser",
        "@smithy/util-body-length-node",
        "@smithy/util-defaults-mode-browser",
        "@smithy/util-defaults-mode-node",
        "@smithy/util-endpoints",
        "@smithy/util-middleware",
        "@smithy/util-retry",
        "@smithy/util-utf8@4.5.2",
        "tslib"
      ]
    },
    "@aws-sdk/region-config-resolver@3.862.0": {
      "integrity": "sha512-VisR+/HuVFICrBPY+q9novEiE4b3mvDofWqyvmxHcWM7HumTz9ZQSuEtnlB/92GVM3KDUrR9EmBHNRrfXYZkcQ==",
      "dependencies": [
        "@aws-sdk/types",
        "@smithy/node-config-provider",
        "@smithy/types",
        "@smithy/util-config-provider",
        "@smithy/util-middleware",
        "tslib"
      ]
    },
    "@aws-sdk/signature-v4-multi-region@3.864.0": {
      "integrity": "sha512-w2HIn/WIcUyv1bmyCpRUKHXB5KdFGzyxPkp/YK5g+/FuGdnFFYWGfcO8O+How4jwrZTarBYsAHW9ggoKvwr37w==",
      "dependencies": [
        "@aws-sdk/middleware-sdk-s3",
        "@aws-sdk/types",
        "@smithy/protocol-http",
        "@smithy/signature-v4",
        "@smithy/types",
        "tslib"
      ]
    },
    "@aws-sdk/token-providers@3.864.0": {
      "integrity": "sha512-gTc2QHOBo05SCwVA65dUtnJC6QERvFaPiuppGDSxoF7O5AQNK0UR/kMSenwLqN8b5E1oLYvQTv3C1idJLRX0cg==",
      "dependencies": [
        "@aws-sdk/core",
        "@aws-sdk/nested-clients",
        "@aws-sdk/types",
        "@smithy/property-provider",
        "@smithy/shared-ini-file-loader",
        "@smithy/types",
        "tslib"
      ]
    },
    "@aws-sdk/types@3.862.0": {
      "integrity": "sha512-Bei+RL0cDxxV+lW2UezLbCYYNeJm6Nzee0TpW0FfyTRBhH9C1XQh4+x+IClriXvgBnRquTMMYsmJfvx8iyLKrg==",
      "dependencies": [
        "@smithy/types",
        "tslib"
      ]
    },
    "@aws-sdk/util-arn-parser@3.804.0": {
      "integrity": "sha512-wmBJqn1DRXnZu3b4EkE6CWnoWMo1ZMvlfkqU5zPz67xx1GMaXlDCchFvKAXMjk4jn/L1O3tKnoFDNsoLV1kgNQ==",
      "dependencies": [
        "tslib"
      ]
    },
    "@aws-sdk/util-endpoints@3.862.0": {
      "integrity": "sha512-eCZuScdE9MWWkHGM2BJxm726MCmWk/dlHjOKvkM0sN1zxBellBMw5JohNss1Z8/TUmnW2gb9XHTOiHuGjOdksA==",
      "dependencies": [
        "@aws-sdk/types",
        "@smithy/types",
        "@smithy/url-parser",
        "@smithy/util-endpoints",
        "tslib"
      ]
    },
    "@aws-sdk/util-locate-window@3.965.10": {
      "integrity": "sha512-ycwH6Zd2GhuSqdXX9ihbCjeGTB6xOJs+O3+Jb8/zDG9978XU80qs75dfkPJRMNKe5MvBZPuNeFpd4JZKPoUF4g==",
      "dependencies": [
        "tslib"
      ]
    },
    "@aws-sdk/util-user-agent-browser@3.862.0": {
      "integrity": "sha512-BmPTlm0r9/10MMr5ND9E92r8KMZbq5ltYXYpVcUbAsnB1RJ8ASJuRoLne5F7mB3YMx0FJoOTuSq7LdQM3LgW3Q==",
      "dependencies": [
        "@aws-sdk/types",
        "@smithy/types",
        "bowser",
        "tslib"
      ]
    },
    "@aws-sdk/util-user-agent-node@3.864.0": {
      "integrity": "sha512-d+FjUm2eJEpP+FRpVR3z6KzMdx1qwxEYDz8jzNKwxYLBBquaBaP/wfoMtMQKAcbrR7aT9FZVZF7zDgzNxUvQlQ==",
      "dependencies": [
        "@aws-sdk/middleware-user-agent",
        "@aws-sdk/types",
        "@smithy/node-config-provider",
        "@smithy/types",
        "tslib"
      ]
    },
    "@aws-sdk/xml-builder@3.862.0": {
      "integrity": "sha512-6Ed0kmC1NMbuFTEgNmamAUU1h5gShgxL1hBVLbEzUa3trX5aJBz1vU4bXaBTvOYUAnOHtiy1Ml4AMStd6hJnFA==",
      "dependencies": [
        "@smithy/types",
        "tslib"
      ]
    },
    "@smithy/config-resolver@4.7.2": {
      "integrity": "sha512-Y1XfSefHIOub9762qm3ShafdlEE/Va8h3kLUeMq765fNeWeNLcOP2YUPr86H1SlyGwZTOqQ67RlBZPZ3k9Djgg==",
      "dependencies": [
        "@smithy/core",
        "tslib"
      ]
    },
    "@smithy/core@3.33.3": {
      "integrity": "sha512-CsOeKq/9kA3y6VJHt+/+VTCtBaxJ4OTFpgrjIUhPpDIKxBci1k2bJaQASF2h/ELWrulGp+t97DZ0mevfAD8idg==",
      "dependencies": [
        "@smithy/types",
        "tslib"
      ]
    },
    "@smithy/credential-provider-imds@4.5.2": {
      "integrity": "sha512-A9uSdn72ozbRUSit0eib0TW7nXuNPlaeM0zcGkJ+nE6tFcSDbnmtwoxbTCFBukVQcszDAyvsd7+rTduPTXpygg==",
      "dependencies": [
        "@smithy/core",
        "@smithy/types",
        "tslib"
      ]
    },
    "@smithy/eventstream-serde-browser@4.5.2": {
      "integrity": "sha512-HQ4l596buGUPnypSGfoYKp17GvR0sMMKyc6PQ/NHxLmh8sQjP7h3TRvy+lW/et12UN9BRPAbHJKa4d3XMMVszQ==",
      "dependencies": [
        "@smithy/core",
        "tslib"
      ]
    },
    "@smithy/eventstream-serde-config-resolver@4.6.2": {
      "integrity": "sha512-GVWpmVKiVAvZDr3E0qRPu+A7TzeeMUctuP9SoFpzGx31lenW3Wk8zq7N97p8sJMwLCyVhXcbv5D0UTURCHdH0w==",
      "dependencies": [
        "@smithy/core",
        "tslib"
      ]
    },
    "@smithy/eventstream-serde-node@4.5.2": {
      "integrity": "sha512-WkWkseIHXv+hr6RnrkpEOv5TOPHWLzzlOsocnPCCKsdfCOkBN7qhBn1/Pij9QZynkloJXYsQp9A5ykdIPVL2tg==",
      "dependencies": [
        "@smithy/core",
        "tslib"
      ]
    },
    "@smithy/fetch-http-handler@5.7.2": {
      "integrity": "sha512-nZyWTmSpJEXl6VtWVMBJve/7x12DZu6sIX1z1a+ZMaHlQQRs9Zpu6NbTe/gmxYXVRpkjxyDYpZ5gx2IM6f/Wkw==",
      "dependencies": [
        "@smithy/core",
        "@smithy/types",
        "tslib"
      ]
    },
    "@smithy/hash-blob-browser@4.5.2": {
      "integrity": "sha512-+fx5GrWB/EElSRl/z+MQXa5RMaGH4ZH/MyZbBgH7CDE053KLD9o4kLGdrBGe8KicU/t22cHzdZs2cVwGL1yt9g==",
      "dependencies": [
        "@smithy/core",
        "tslib"
      ]
    },
    "@smithy/hash-node@4.5.2": {
      "integrity": "sha512-OcD8fGClTkP0BWHVEAgUp1RZyCw8cKfqTPQ+DgrSF5jvR8zKkw2Aud79L4G/1Fu3QKLcsHExxRIPQCcKx7+xkg==",
      "dependencies": [
        "@smithy/core",
        "tslib"
      ]
    },
    "@smithy/hash-stream-node@4.5.2": {
      "integrity": "sha512-0sx3A9RyCV8taQ1UM9P7K9JFH2bsLXhdIr85vNNXkhq7Q9TqUdm+XxGiBuInq76aA7vBdvUQFvvyBoB95DJf3Q==",
      "dependencies": [
        "@smithy/core",
        "tslib"
      ]
    },
    "@smithy/invalid-dependency@4.5.2": {
      "integrity": "sha512-VONOgtCxIXtwXrLVZPUdxOELYpkFzNizkpbQE5CrJ/OEh12Osx+LVXsLEAF+JcvVqPODmUoOUaovlOjCQHTOow==",
      "dependencies": [
        "@smithy/core",
        "tslib"
      ]
    },
    "@smithy/is-array-buffer@2.2.0": {
      "integrity": "sha512-GGP3O9QFD24uGeAXYUjwSTXARoqpZykHadOmA8G5vfJPK0/DC67qa//0qvqrJzL1xc8WQWX7/yc7fwudjPHPhA==",
      "dependencies": [
        "tslib"
      ]
    },
    "@smithy/is-array-buffer@4.5.2": {
      "integrity": "sha512-ErISzsrBz6I4rREFd9l49An0nIuatPWDegdu446Hf4QU3/UTygVaBYrcGbWNOC6sbANf2eyvPun3DyI2aHV+jg==",
      "dependencies": [
        "@smithy/core",
        "tslib"
      ]
    },
    "@smithy/md5-js@4.5.2": {
      "integrity": "sha512-EC8CXhy/Y3DHniNBPK63ECkYir91IpFhIbVOo/Z7y75hO3RMFY0v+b6MUPLVp0TBtTRo+A5uU73yqyrTecTJmw==",
      "dependencies": [
        "@smithy/core",
        "tslib"
      ]
    },
    "@smithy/middleware-content-length@4.5.2": {
      "integrity": "sha512-43Ixsc2OE5rhruhc9a1vETUCmK3Yh1AIbg2+wwQUgloOIti2FgPHmPLLBkjIqx8vdmpABtsVlhazNr5TMZKJmA==",
      "dependencies": [
        "@smithy/core",
        "tslib"
      ]
    },
    "@smithy/middleware-endpoint@4.7.2": {
      "integrity": "sha512-7HgK3/pQQHcD5w9lOPtK53/eDMKDp324Nd4KZ8XvxlcKHiWytuM9VwVOB2iy3rutsz/N1WNEWBkaRBayrGnuog==",
      "dependencies": [
        "@smithy/core",
        "tslib"
      ]
    },
    "@smithy/middleware-retry@4.8.2": {
      "integrity": "sha512-wj0BTZ6SC7YI8hSLMbZCO1BP7k8JOuSUHjRYrZJApqNEiHL6jxaLs5Sr92EeXu5CuVzZOUCFUuewXusWxps0bQ==",
      "dependencies": [
        "@smithy/core",
        "tslib"
      ]
    },
    "@smithy/middleware-serde@4.5.2": {
      "integrity": "sha512-5Qeqkw4IdmUQUGR/FRImBruFcnXiwGC8+EOVH377bonkQF66temzxM4HbCnOOQb8U/SClP1IdlFbC7CTmKux4Q==",
      "dependencies": [
        "@smithy/core",
        "tslib"
      ]
    },
    "@smithy/middleware-stack@4.5.2": {
      "integrity": "sha512-db1TDSBA03WtomPMLWPy69L85vEaQbbnDHlmCYQ7hIqOdD22K+k8GlsVYdafYKaFkJaJW2OvcgcXOELGfhtptA==",
      "dependencies": [
        "@smithy/core",
        "tslib"
      ]
    },
    "@smithy/node-config-provider@4.6.2": {
      "integrity": "sha512-zMrXu/O5tPa7GLtra8L4wFG6DACcXT9QV4Ay+WEAjUhXm1dVq7c/q9Qv9gkJZNLY8hmQKg08778kDcxpKNMqOA==",
      "dependencies": [
        "@smithy/core",
        "tslib"
      ]
    },
    "@smithy/node-http-handler@4.11.3": {
      "integrity": "sha512-2jY1tSpERfPfWqyBV2pH+iGFaghVsIJszJNsT7hxtQYhVJpWDyc0LqOWI+nXOxOAHaEfZ4PXXtp1wW1TGpHhkA==",
      "dependencies": [
        "@smithy/core",
        "@smithy/types",
        "tslib"
      ]
    },
    "@smithy/property-provider@4.5.2": {
      "integrity": "sha512-SPJCSCCGpHf5g5b8244ig3WVKIdv2DS+X6cfmy4bpKEYo4VlLYM+bGHpHbfbmp76vegMKQBvs7DEpwQ5YuhKLA==",
      "dependencies": [
        "@smithy/core",
        "tslib"
      ]
    },
    "@smithy/protocol-http@5.6.2": {
      "integrity": "sha512-Asd04MaxODN6FNY8EPTeCAM4kPNi3jDUAjZU0Y4F9rHvpLUrrUo7KLcxFgSthywFr6dZfIyDLIJda6jxmVTk5w==",
      "dependencies": [
        "@smithy/core",
        "tslib"
      ]
    },
    "@smithy/shared-ini-file-loader@4.7.2": {
      "integrity": "sha512-XsIDj5gVG4YRxGS4n4TiBDAogPWRHXKZyor6JW/sEuaa/7BvKADe9j45jI2dPYCnYbKkLBmbZ4qN9ns0sH+kMQ==",
      "dependencies": [
        "@smithy/core",
        "tslib"
      ]
    },
    "@smithy/signature-v4@5.7.3": {
      "integrity": "sha512-7ImGm+FkHRLcBaRttIAMZ6bzJZWb2cJGoYjq46F2UjycujWzrL9GEN9h4w7eQyXJYnltrUhxbbieBAIRrdqpow==",
      "dependencies": [
        "@smithy/core",
        "@smithy/types",
        "tslib"
      ]
    },
    "@smithy/smithy-client@4.15.2": {
      "integrity": "sha512-qweA7dHwcWmq8IN2mIGo7nAfeji1nwWBra+P3nz4R8W8yoQYE6Iy2bN33I0W3d50MN/V5EiDY/nElr4EHITsrg==",
      "dependencies": [
        "@smithy/core",
        "@smithy/types",
        "tslib"
      ]
    },
    "@smithy/types@4.17.2": {
      "integrity": "sha512-FOKpVZob9MPTn2znRzGrnsMHv7BOsKVw3XiP/cOyYLDVZ9qKp4nifIiSCuUU/fIj5Vu0UOAxCFr+qRAtG0NUkA==",
      "dependencies": [
        "tslib"
      ]
    },
    "@smithy/url-parser@4.5.2": {
      "integrity": "sha512-xqZcyU/YjOt9ofe8WM1y9aCaAmxel2iRiHpkT0x2BN++mRXw0M4VdxPAOtuux279JndY6wWMiOt5BJ2xmAuMYA==",
      "dependencies": [
        "@smithy/core",
        "tslib"
      ]
    },
    "@smithy/util-base64@4.6.2": {
      "integrity": "sha512-wTQX1hPfElIqY6AzM/s6c4UgpMxCL4MwJ5u6340ksLPq78lur6Y+keheIDk5gMX4G3KFh4MERcDt6xhRq+ie1Q==",
      "dependencies": [
        "@smithy/core",
        "tslib"
      ]
    },
    "@smithy/util-body-length-browser@4.5.2": {
      "integrity": "sha512-QyeUSin/R2nz0hXZ5ObTvhmCQomsr6+ZyHygab5AH5+fTY5xVDQeX1DFKp9uPEwOs6RW26jEn9yqq+4yqIZDrA==",
      "dependencies": [
        "@smithy/core",
        "tslib"
      ]
    },
    "@smithy/util-body-length-node@4.5.2": {
      "integrity": "sha512-SErsW8pBKTCkFEA1RoChwW6/8JYzdcWqWDOsRP0xOtxMYsHOUMcldkcQjtujpKSy2FtlywqygCOxSKarc4TAZw==",
      "dependencies": [
        "@smithy/core",
        "tslib"
      ]
    },
    "@smithy/util-buffer-from@2.2.0": {
      "integrity": "sha512-IJdWBbTcMQ6DA0gdNhh/BwrLkDR+ADW5Kr1aZmd4k3DIF6ezMV4R2NIAmT08wQJ3yUK82thHWmC/TnK/wpMMIA==",
      "dependencies": [
        "@smithy/is-array-buffer@2.2.0",
        "tslib"
      ]
    },
    "@smithy/util-config-provider@4.5.2": {
      "integrity": "sha512-bAtInttsiHw9HX/vaNUU6Nj8pWqxMNKD0okEsjr8StgKwRdzN4mpl4/P7/en2JNCWlCyterSDOoveptct/jOGg==",
      "dependencies": [
        "@smithy/core",
        "tslib"
      ]
    },
    "@smithy/util-defaults-mode-browser@4.6.2": {
      "integrity": "sha512-wENSdyLXVzupl1nyPK7JP/wt6Lkph/psRgocKli5NLh7O936L66FrZQ/I9HBHwZ5N0Z4MJUoj8qNdw+/6cTRgA==",
      "dependencies": [
        "@smithy/core",
        "tslib"
      ]
    },
    "@smithy/util-defaults-mode-node@4.5.2": {
      "integrity": "sha512-3915rhdCibo7Do927AFV6pXxsIiaKOZGGexJ3LnT2l5CgJZi3DPqZ2ZMhYTIPjiRA3asHhPe0gaFBtxuqXC8aA==",
      "dependencies": [
        "@smithy/core",
        "tslib"
      ]
    },
    "@smithy/util-endpoints@3.7.2": {
      "integrity": "sha512-16wQS3r4gXctr9/uYB0OUAUOm1LZLUKAsBeG364l64OalFwsRRvgO+AjL3OYxmxt060z1ExchX2ayrNVfM0r9Q==",
      "dependencies": [
        "@smithy/core",
        "tslib"
      ]
    },
    "@smithy/util-middleware@4.5.2": {
      "integrity": "sha512-wmfA04AZqTwu10EWGKUu4dm/3BZfSedqlqAiQPWVr8OkwFh0MovRDBwc48Pzd2YEEjqpI0JwXVk65TBarff3wQ==",
      "dependencies": [
        "@smithy/core",
        "tslib"
      ]
    },
    "@smithy/util-retry@4.6.2": {
      "integrity": "sha512-q6MXFNu+W4ZCNdNKutzDLP/Hzumd1FU9CQX++P/7ylanYIYiGhgZwSzwZWAw+G1RNcfY+RBYv61XcGlSYhj+BA==",
      "dependencies": [
        "@smithy/core",
        "tslib"
      ]
    },
    "@smithy/util-stream@4.8.2": {
      "integrity": "sha512-R+S7jmu8VdbtOygMUSIGfkmOBp0SowT8+8LZdk21oXdmmKfN4G/bwN5IGIi0UH3RwWc9KJWDH1Dzm45DClyUvw==",
      "dependencies": [
        "@smithy/core",
        "tslib"
      ]
    },
    "@smithy/util-utf8@2.3.0": {
      "integrity": "sha512-R8Rdn8Hy72KKcebgLiv8jQcQkXoLMOGGv5uI1/k0l+snqkOzQ1R0ChUBCxWMlBsFMekWjq0wRudIweFs7sKT5A==",
      "dependencies": [
        "@smithy/util-buffer-from",
        "tslib"
      ]
    },
    "@smithy/util-utf8@4.5.2": {
      "integrity": "sha512-7wNWV7SugHpcMA7uzEawJNpE0GrasXM7a9E+1+Wm6NxVuDClESac/AKt+G7jMZNUz5vBLWqKlqVV7Sv7AtUr6Q==",
      "dependencies": [
        "@smithy/core",
        "tslib"
      ]
    },
    "@smithy/util-waiter@4.6.2": {
      "integrity": "sha512-TNNK01i1HiSAR6hBF94J7q338JgEaHPrP8QKRSeQBsbSbw5O4+YGdZYitmsTeEWvHGX+2R/oQ7BzxyAjeZxuWg==",
      "dependencies": [
        "@smithy/core",
        "tslib"
      ]
    },
    "@types/uuid@9.0.8": {
      "integrity": "sha512-jg+97EGIcY9AGHJJRaaPVgetKDsrTgbRjQ5Msgjh/DQKEFl0DtyRr/VCOyD1T2R1MNeWPK/u7JoGhlDZnKBAfA=="
    },
    "anynum@1.0.1": {
      "integrity": "sha512-N6//FLET/tXYNM/F6ABca1oH6fWB+KlTt909Le28WMDBk8oaT4vY17DCrwg2MvmuqUKt3Ni4N5dGJ/EoBgcO6A=="
    },
    "aws4fetch@1.0.20": {
      "integrity": "sha512-/djoAN709iY65ETD6LKCtyyEI04XIBP5xVvfmNxsEP0uJB5tyaGBztSryRr4HqMStr9R06PisQE7m9zDTXKu6g=="
    },
    "bowser@2.14.1": {
      "integrity": "sha512-tzPjzCxygAKWFOJP011oxFHs57HzIhOEracIgAePE4pqB3LikALKnSzUyU4MGs9/iCEUuHlAJTjTc5M+u7YEGg=="
    },
    "fast-xml-parser@5.2.5": {
      "integrity": "sha512-pfX9uG9Ki0yekDHx2SiuRIyFdyAr1kMIMitPvb0YBo8SUfKvia7w7FIyd/l6av85pFYRhZscS75MwMnbvY+hcQ==",
      "dependencies": [
        "strnum"
      ],
      "bin": true
    },
    "hyparquet-writer@0.16.6": {
      "integrity": "sha512-KK3FhIf/yPhDi63rAEV6Di9tLZXDGYqXcOMVS2Ssm5zerEkrfc71REfGCFcEKtiiATGzd9kq5uWcy8JeCapQVQ==",
      "dependencies": [
        "hyparquet"
      ]
    },
    "hyparquet@1.28.1": {
      "integrity": "sha512-04PlyhYZpNDVaOjJNX4SP00beWf9Y9vXEOEQXSMFqVQNzxGxTmsJOQgBjar8VzLpT6E2kxNiWKL539e1dHcOVA=="
    },
    "strnum@2.4.2": {
      "integrity": "sha512-rDG3Ah4TV0k1hWvLSzkZtMmLN9+eS+h3knq4MP6A42Y3Yh5qGNnOUs1jJkoSr8FG5dsL28c7KgkIBzSEykqtuw==",
      "dependencies": [
        "anynum"
      ]
    },
    "tslib@2.8.1": {
      "integrity": "sha512-oJFu94HQb+KVduSUQL7wnpmqnfmLsOA/nAh6b6EH0wCEoK0/mPeXU6c3wKDV83MkOuHPRHtSXKKU99IBazS/2w=="
    },
    "uuid@9.0.1": {
      "integrity": "sha512-b+1eJOlsR9K8HJpow9Ok3fiWOWSIcIzXodvv0rQjVoOVNpWMpxf1wZNpt4y9h10odCNrqnYp1OBzRktckBe3sA==",
      "deprecated": true,
      "bin": true
    }
  },
  "redirects": {
    "https://esm.sh/@supabase/phoenix@^0.4.2?target=denonext": "https://esm.sh/@supabase/phoenix@0.4.5?target=denonext",
    "https://esm.sh/iceberg-js@^0.8.1?target=denonext": "https://esm.sh/iceberg-js@0.8.1?target=denonext"
  },
  "remote": {
    "https://esm.sh/@supabase/auth-js@2.108.2/denonext/auth-js.mjs": "9f40126f47eb0bd2803bae8d48a9a90a341704395996806ac5cac87e345e4ab4",
    "https://esm.sh/@supabase/functions-js@2.108.2/denonext/functions-js.mjs": "cb8c9f454e644c0e7ccf568c046ec026baaf88aca20185fe8365ec89026576d3",
    "https://esm.sh/@supabase/phoenix@0.4.5/denonext/phoenix.mjs": "40bd2a70829cd847848baac58e635bacd83fd62188f6624b44e2c295341004eb",
    "https://esm.sh/@supabase/phoenix@0.4.5?target=denonext": "28b2760cf24e1117ed0644a665bfab1c60d132872fa95bcae4cc3fecc7499ee2",
    "https://esm.sh/@supabase/postgrest-js@2.108.2/denonext/postgrest-js.mjs": "4f97eb01ffd7ed89869a5bcf910eb45e0e48230ab9462e0d3667fe243ce2ca94",
    "https://esm.sh/@supabase/realtime-js@2.108.2/denonext/realtime-js.mjs": "7dd89b17c7617a5b4e9047144f53fa324a805853c77a5d3388e18b189c9d3be3",
    "https://esm.sh/@supabase/storage-js@2.108.2/denonext/storage-js.mjs": "cc4cb3161c606e44108efad0ad1d6f770e6c337293b6ed068e2ba58ffd24fdfb",
    "https://esm.sh/@supabase/supabase-js@2.108.2": "7fbe17c4ef67b80d388cef1f0a0c7ecb28b2b1c3c4110875925a4bc82ff28e13",
    "https://esm.sh/@supabase/supabase-js@2.108.2/denonext/supabase-js.mjs": "46f2f36b66e96481e47095942551fea2d14069e97acafb2bc3a1a3b1c2442195",
    "https://esm.sh/@supabase/supabase-js@2.45.4": "1108d69216995335d057dbd15907caaf514a4d1ef082f097050573b9d589a57c",
    "https://esm.sh/iceberg-js@0.8.1/denonext/iceberg-js.mjs": "d839d81a2e3966500ca2cdd0c1cb458e9608bacfc91f7bb67a69b2e878dcdb4f",
    "https://esm.sh/iceberg-js@0.8.1?target=denonext": "58c849d7fe2bf4eca4a84eb501e83c161a7d8c34ca1bec15a962b3bec3062633",
    "https://esm.sh/tslib@2.8.1/denonext/tslib.mjs": "c38da5dd6da6281964435002ce204cd586634fe3bdfb24a0ee116f48cf3292e9"
  }
}
